
Microsoft Visual Studio Solution File, Format Version 12.00
# Visual Studio Version 17
VisualStudioVersion = 17.8.34330.188
MinimumVisualStudioVersion = 10.0.40219.1
Project("{9A19103F-16F7-4668-BE54-9A1E7A4F7556}") = "MinimalApiPeliculas", "MinimalApiPeliculas\MinimalApiPeliculas.csproj", "{A3D355E2-5E44-4245-926D-F2BB4FC7C10F}"
EndProject
Project("{E53339B2-1760-4266-BCC7-CA923CBCF16C}") = "docker-compose", "docker-compose.dcproj", "{5360D820-4A8E-4F9E-8D34-937B62C503A2}"
EndProject
Global
	GlobalSection(SolutionConfigurationPlatforms) = preSolution
		Debug|Any CPU = Debug|Any CPU
		Release|Any CPU = Release|Any CPU
	EndGlobalSection
	GlobalSection(ProjectConfigurationPlatforms) = postSolution
		{A3D355E2-5E44-4245-926D-F2BB4FC7C10F}.Debug|Any CPU.ActiveCfg = Debug|Any CPU
		{A3D355E2-5E44-4245-926D-F2BB4FC7C10F}.Debug|Any CPU.Build.0 = Debug|Any CPU
		{A3D355E2-5E44-4245-926D-F2BB4FC7C10F}.Release|Any CPU.ActiveCfg = Release|Any CPU
		{A3D355E2-5E44-4245-926D-F2BB4FC7C10F}.Release|Any CPU.Build.0 = Release|Any CPU
		{5360D820-4A8E-4F9E-8D34-937B62C503A2}.Debug|Any CPU.ActiveCfg = Debug|Any CPU
		{5360D820-4A8E-4F9E-8D34-937B62C503A2}.Debug|Any CPU.Build.0 = Debug|Any CPU
		{5360D820-4A8E-4F9E-8D34-937B62C503A2}.Release|Any CPU.ActiveCfg = Release|Any CPU
		{5360D820-4A8E-4F9E-8D34-937B62C503A2}.Release|Any CPU.Build.0 = Release|Any CPU
	EndGlobalSection
	GlobalSection(SolutionProperties) = preSolution
		HideSolutionNode = FALSE
	EndGlobalSection
	GlobalSection(ExtensibilityGlobals) = postSolution
		SolutionGuid = {01809B21-5298-4EB6-BB2D-259A8FFA384B}
	EndGlobalSection
EndGlobal
